
Microsoft Visual Studio Solution File, Format Version 12.00
# Visual Studio Version 16
VisualStudioVersion = 16.0.31424.327
MinimumVisualStudioVersion = 10.0.40219.1
Project("{FAE04EC0-301F-11D3-BF4B-00C04F79EFBC}") = "StaffRandomSelect", "StaffRandomSelect.csproj", "{7CDB9EAB-1083-4104-BFCC-E5AB4ED9088B}"
EndProject
Global
	GlobalSection(SolutionConfigurationPlatforms) = preSolution
		Debug|Any CPU = Debug|Any CPU
		Release|Any CPU = Release|Any CPU
	EndGlobalSection
	GlobalSection(ProjectConfigurationPlatforms) = postSolution
		{7CDB9EAB-1083-4104-BFCC-E5AB4ED9088B}.Debug|Any CPU.ActiveCfg = Debug|Any CPU
		{7CDB9EAB-1083-4104-BFCC-E5AB4ED9088B}.Debug|Any CPU.Build.0 = Debug|Any CPU
		{7CDB9EAB-1083-4104-BFCC-E5AB4ED9088B}.Release|Any CPU.ActiveCfg = Release|Any CPU
		{7CDB9EAB-1083-4104-BFCC-E5AB4ED9088B}.Release|Any CPU.Build.0 = Release|Any CPU
	EndGlobalSection
	GlobalSection(SolutionProperties) = preSolution
		HideSolutionNode = FALSE
	EndGlobalSection
	GlobalSection(ExtensibilityGlobals) = postSolution
		SolutionGuid = {40896798-51F7-48DA-9554-1A719440F9AB}
	EndGlobalSection
EndGlobal
